
Microsoft Visual Studio Solution File, Format Version 12.00
# Visual Studio Version 17
VisualStudioVersion = 17.2.32526.322
MinimumVisualStudioVersion = 10.0.40219.1
Project("{9A19103F-16F7-4668-BE54-9A1E7A4F7556}") = "BlazorApp1.Server", "BlazorApp1\Server\BlazorApp1.Server.csproj", "{55B68795-0473-45AF-944A-AC3EDAFFFA1D}"
EndProject
Project("{9A19103F-16F7-4668-BE54-9A1E7A4F7556}") = "BlazorApp1.Client", "BlazorApp1\Client\BlazorApp1.Client.csproj", "{649814F9-E959-4F08-9C3F-F320ACB3A449}"
EndProject
Project("{9A19103F-16F7-4668-BE54-9A1E7A4F7556}") = "BlazorApp1.Shared", "BlazorApp1\Shared\BlazorApp1.Shared.csproj", "{5D5935A6-FB25-412B-9C8B-AE8E4A96638D}"
EndProject
Global
	GlobalSection(SolutionConfigurationPlatforms) = preSolution
		Debug|Any CPU = Debug|Any CPU
		Release|Any CPU = Release|Any CPU
	EndGlobalSection
	GlobalSection(ProjectConfigurationPlatforms) = postSolution
		{55B68795-0473-45AF-944A-AC3EDAFFFA1D}.Debug|Any CPU.ActiveCfg = Debug|Any CPU
		{55B68795-0473-45AF-944A-AC3EDAFFFA1D}.Debug|Any CPU.Build.0 = Debug|Any CPU
		{55B68795-0473-45AF-944A-AC3EDAFFFA1D}.Release|Any CPU.ActiveCfg = Release|Any CPU
		{55B68795-0473-45AF-944A-AC3EDAFFFA1D}.Release|Any CPU.Build.0 = Release|Any CPU
		{649814F9-E959-4F08-9C3F-F320ACB3A449}.Debug|Any CPU.ActiveCfg = Debug|Any CPU
		{649814F9-E959-4F08-9C3F-F320ACB3A449}.Debug|Any CPU.Build.0 = Debug|Any CPU
		{649814F9-E959-4F08-9C3F-F320ACB3A449}.Release|Any CPU.ActiveCfg = Release|Any CPU
		{649814F9-E959-4F08-9C3F-F320ACB3A449}.Release|Any CPU.Build.0 = Release|Any CPU
		{5D5935A6-FB25-412B-9C8B-AE8E4A96638D}.Debug|Any CPU.ActiveCfg = Debug|Any CPU
		{5D5935A6-FB25-412B-9C8B-AE8E4A96638D}.Debug|Any CPU.Build.0 = Debug|Any CPU
		{5D5935A6-FB25-412B-9C8B-AE8E4A96638D}.Release|Any CPU.ActiveCfg = Release|Any CPU
		{5D5935A6-FB25-412B-9C8B-AE8E4A96638D}.Release|Any CPU.Build.0 = Release|Any CPU
	EndGlobalSection
	GlobalSection(SolutionProperties) = preSolution
		HideSolutionNode = FALSE
	EndGlobalSection
	GlobalSection(ExtensibilityGlobals) = postSolution
		SolutionGuid = {8CCEFD3B-8C4A-42E3-B23A-25CA3B116E29}
	EndGlobalSection
EndGlobal
